// !$*UTF8*$!
{
	archiveVersion = 1;
	classes = {
	};
	objectVersion = 50;
	objects = {

/* Begin PBXBuildFile section */
		EF90DCD322835FA30024EE36 /* AppDelegate.swift in Sources */ = {isa = PBXBuildFile; fileRef = EF90DCD222835FA30024EE36 /* AppDelegate.swift */; };
		EF90DCD822835FA30024EE36 /* Main.storyboard in Resources */ = {isa = PBXBuildFile; fileRef = EF90DCD622835FA30024EE36 /* Main.storyboard */; };
		EF90DCDA22835FA30024EE36 /* Assets.xcassets in Resources */ = {isa = PBXBuildFile; fileRef = EF90DCD922835FA30024EE36 /* Assets.xcassets */; };
		EF90DCDD22835FA30024EE36 /* LaunchScreen.storyboard in Resources */ = {isa = PBXBuildFile; fileRef = EF90DCDB22835FA30024EE36 /* LaunchScreen.storyboard */; };
		EF90DCE52283611E0024EE36 /* CryptexViewController.swift in Sources */ = {isa = PBXBuildFile; fileRef = EF90DCE42283611E0024EE36 /* CryptexViewController.swift */; };
		EF90DCE8228361DC0024EE36 /* Cryptex.swift in Sources */ = {isa = PBXBuildFile; fileRef = EF90DCE7228361DC0024EE36 /* Cryptex.swift */; };
		EF90DCEA2283622B0024EE36 /* CryptexController.swift in Sources */ = {isa = PBXBuildFile; fileRef = EF90DCE92283622B0024EE36 /* CryptexController.swift */; };
/* End PBXBuildFile section */

/* Begin PBXFileReference section */
		EF90DCCF22835FA20024EE36 /* Crypyex.app */ = {isa = PBXFileReference; explicitFileType = wrapper.application; includeInIndex = 0; path = Crypyex.app; sourceTree = BUILT_PRODUCTS_DIR; };
		EF90DCD222835FA30024EE36 /* AppDelegate.swift */ = {isa = PBXFileReference; lastKnownFileType = sourcecode.swift; path = AppDelegate.swift; sourceTree = "<group>"; };
		EF90DCD722835FA30024EE36 /* Base */ = {isa = PBXFileReference; lastKnownFileType = file.storyboard; name = Base; path = Base.lproj/Main.storyboard; sourceTree = "<group>"; };
		EF90DCD922835FA30024EE36 /* Assets.xcassets */ = {isa = PBXFileReference; lastKnownFileType = folder.assetcatalog; path = Assets.xcassets; sourceTree = "<group>"; };
		EF90DCDC22835FA30024EE36 /* Base */ = {isa = PBXFileReference; lastKnownFileType = file.storyboard; name = Base; path = Base.lproj/LaunchScreen.storyboard; sourceTree = "<group>"; };
		EF90DCDE22835FA30024EE36 /* Info.plist */ = {isa = PBXFileReference; lastKnownFileType = text.plist.xml; path = Info.plist; sourceTree = "<group>"; };
		EF90DCE42283611E0024EE36 /* CryptexViewController.swift */ = {isa = PBXFileReference; lastKnownFileType = sourcecode.swift; path = CryptexViewController.swift; sourceTree = "<group>"; };
		EF90DCE7228361DC0024EE36 /* Cryptex.swift */ = {isa = PBXFileReference; lastKnownFileType = sourcecode.swift; path = Cryptex.swift; sourceTree = "<group>"; };
		EF90DCE92283622B0024EE36 /* CryptexController.swift */ = {isa = PBXFileReference; lastKnownFileType = sourcecode.swift; path = CryptexController.swift; sourceTree = "<group>"; };
/* End PBXFileReference section */

/* Begin PBXFrameworksBuildPhase section */
		EF90DCCC22835FA20024EE36 /* Frameworks */ = {
			isa = PBXFrameworksBuildPhase;
			buildActionMask = 2147483647;
			files = (
			);
			runOnlyForDeploymentPostprocessing = 0;
		};
/* End PBXFrameworksBuildPhase section */

/* Begin PBXGroup section */
		EF90DCC622835FA20024EE36 = {
			isa = PBXGroup;
			children = (
				EF90DCD122835FA30024EE36 /* Crypyex */,
				EF90DCD022835FA20024EE36 /* Products */,
			);
			sourceTree = "<group>";
		};
		EF90DCD022835FA20024EE36 /* Products */ = {
			isa = PBXGroup;
			children = (
				EF90DCCF22835FA20024EE36 /* Crypyex.app */,
			);
			name = Products;
			sourceTree = "<group>";
		};
		EF90DCD122835FA30024EE36 /* Crypyex */ = {
			isa = PBXGroup;
			children = (
				EF90DCE7228361DC0024EE36 /* Cryptex.swift */,
				EF90DCE92283622B0024EE36 /* CryptexController.swift */,
				EF90DCE42283611E0024EE36 /* CryptexViewController.swift */,
				EF90DCD222835FA30024EE36 /* AppDelegate.swift */,
				EF90DCE6228361C20024EE36 /* Storyboards */,
				EF90DCD922835FA30024EE36 /* Assets.xcassets */,
				EF90DCDE22835FA30024EE36 /* Info.plist */,
			);
			path = Crypyex;
			sourceTree = "<group>";
		};
		EF90DCE6228361C20024EE36 /* Storyboards */ = {
			isa = PBXGroup;
			children = (
				EF90DCD622835FA30024EE36 /* Main.storyboard */,
				EF90DCDB22835FA30024EE36 /* LaunchScreen.storyboard */,
			);
			path = Storyboards;
			sourceTree = "<group>";
		};
/* End PBXGroup section */

/* Begin PBXNativeTarget section */
		EF90DCCE22835FA20024EE36 /* Crypyex */ = {
			isa = PBXNativeTarget;
			buildConfigurationList = EF90DCE122835FA30024EE36 /* Build configuration list for PBXNativeTarget "Crypyex" */;
			buildPhases = (
				EF90DCCB22835FA20024EE36 /* Sources */,
				EF90DCCC22835FA20024EE36 /* Frameworks */,
				EF90DCCD22835FA20024EE36 /* Resources */,
			);
			buildRules = (
			);
			dependencies = (
			);
			name = Crypyex;
			productName = Crypyex;
			productReference = EF90DCCF22835FA20024EE36 /* Crypyex.app */;
			productType = "com.apple.product-type.application";
		};
/* End PBXNativeTarget section */

/* Begin PBXProject section */
		EF90DCC722835FA20024EE36 /* Project object */ = {
			isa = PBXProject;
			attributes = {
				LastSwiftUpdateCheck = 1020;
				LastUpgradeCheck = 1020;
				ORGANIZATIONNAME = "Hayden Hastings";
				TargetAttributes = {
					EF90DCCE22835FA20024EE36 = {
						CreatedOnToolsVersion = 10.2.1;
					};
				};
			};
			buildConfigurationList = EF90DCCA22835FA20024EE36 /* Build configuration list for PBXProject "Crypyex" */;
			compatibilityVersion = "Xcode 9.3";
			developmentRegion = en;
			hasScannedForEncodings = 0;
			knownRegions = (
				en,
				Base,
			);
			mainGroup = EF90DCC622835FA20024EE36;
			productRefGroup = EF90DCD022835FA20024EE36 /* Products */;
			projectDirPath = "";
			projectRoot = "";
			targets = (
				EF90DCCE22835FA20024EE36 /* Crypyex */,
			);
		};
/* End PBXProject section */

/* Begin PBXResourcesBuildPhase section */
		EF90DCCD22835FA20024EE36 /* Resources */ = {
			isa = PBXResourcesBuildPhase;
			buildActionMask = 2147483647;
			files = (
				EF90DCDD22835FA30024EE36 /* LaunchScreen.storyboard in Resources */,
				EF90DCDA22835FA30024EE36 /* Assets.xcassets in Resources */,
				EF90DCD822835FA30024EE36 /* Main.storyboard in Resources */,
			);
			runOnlyForDeploymentPostprocessing = 0;
		};
/* End PBXResourcesBuildPhase section */

/* Begin PBXSourcesBuildPhase section */
		EF90DCCB22835FA20024EE36 /* Sources */ = {
			isa = PBXSourcesBuildPhase;
			buildActionMask = 2147483647;
			files = (
				EF90DCD322835FA30024EE36 /* AppDelegate.swift in Sources */,
				EF90DCEA2283622B0024EE36 /* CryptexController.swift in Sources */,
				EF90DCE8228361DC0024EE36 /* Cryptex.swift in Sources */,
				EF90DCE52283611E0024EE36 /* CryptexViewController.swift in Sources */,
			);
			runOnlyForDeploymentPostprocessing = 0;
		};
/* End PBXSourcesBuildPhase section */

/* Begin PBXVariantGroup section */
		EF90DCD622835FA30024EE36 /* Main.storyboard */ = {
			isa = PBXVariantGroup;
			children = (
				EF90DCD722835FA30024EE36 /* Base */,
			);
			name = Main.storyboard;
			sourceTree = "<group>";
		};
		EF90DCDB22835FA30024EE36 /* LaunchScreen.storyboard */ = {
			isa = PBXVariantGroup;
			children = (
				EF90DCDC22835FA30024EE36 /* Base */,
			);
			name = LaunchScreen.storyboard;
			sourceTree = "<group>";
		};
/* End PBXVariantGroup section */

/* Begin XCBuildConfiguration section */
		EF90DCDF22835FA30024EE36 /* Debug */ = {
			isa = XCBuildConfiguration;
			buildSettings = {
				ALWAYS_SEARCH_USER_PATHS = NO;
				CLANG_ANALYZER_NONNULL = YES;
				CLANG_ANALYZER_NUMBER_OBJECT_CONVERSION = YES_AGGRESSIVE;
				CLANG_CXX_LANGUAGE_STANDARD = "gnu++14";
				CLANG_CXX_LIBRARY = "libc++";
				CLANG_ENABLE_MODULES = YES;
				CLANG_ENABLE_OBJC_ARC = YES;
				CLANG_ENABLE_OBJC_WEAK = YES;
				CLANG_WARN_BLOCK_CAPTURE_AUTORELEASING = YES;
				CLANG_WARN_BOOL_CONVERSION = YES;
				CLANG_WARN_COMMA = YES;
				CLANG_WARN_CONSTANT_CONVERSION = YES;
				CLANG_WARN_DEPRECATED_OBJC_IMPLEMENTATIONS = YES;
				CLANG_WARN_DIRECT_OBJC_ISA_USAGE = YES_ERROR;
				CLANG_WARN_DOCUMENTATION_COMMENTS = YES;
				CLANG_WARN_EMPTY_BODY = YES;
				CLANG_WARN_ENUM_CONVERSION = YES;
				CLANG_WARN_INFINITE_RECURSION = YES;
				CLANG_WARN_INT_CONVERSION = YES;
				CLANG_WARN_NON_LITERAL_NULL_CONVERSION = YES;
				CLANG_WARN_OBJC_IMPLICIT_RETAIN_SELF = YES;
				CLANG_WARN_OBJC_LITERAL_CONVERSION = YES;
				CLANG_WARN_OBJC_ROOT_CLASS = YES_ERROR;
				CLANG_WARN_RANGE_LOOP_ANALYSIS = YES;
				CLANG_WARN_STRICT_PROTOTYPES = YES;
				CLANG_WARN_SUSPICIOUS_MOVE = YES;
				CLANG_WARN_UNGUARDED_AVAILABILITY = YES_AGGRESSIVE;
				CLANG_WARN_UNREACHABLE_CODE = YES;
				CLANG_WARN__DUPLICATE_METHOD_MATCH = YES;
				CODE_SIGN_IDENTITY = "iPhone Developer";
				COPY_PHASE_STRIP = NO;
				DEBUG_INFORMATION_FORMAT = dwarf;
				ENABLE_STRICT_OBJC_MSGSEND = YES;
				ENABLE_TESTABILITY = YES;
				GCC_C_LANGUAGE_STANDARD = gnu11;
				GCC_DYNAMIC_NO_PIC = NO;
				GCC_NO_COMMON_BLOCKS = YES;
				GCC_OPTIMIZATION_LEVEL = 0;
				GCC_PREPROCESSOR_DEFINITIONS = (
					"DEBUG=1",
					"$(inherited)",
				);
				GCC_WARN_64_TO_32_BIT_CONVERSION = YES;
				GCC_WARN_ABOUT_RETURN_TYPE = YES_ERROR;
				GCC_WARN_UNDECLARED_SELECTOR = YES;
				GCC_WARN_UNINITIALIZED_AUTOS = YES_AGGRESSIVE;
				GCC_WARN_UNUSED_FUNCTION = YES;
				GCC_WARN_UNUSED_VARIABLE = YES;
				IPHONEOS_DEPLOYMENT_TARGET = 12.2;
				MTL_ENABLE_DEBUG_INFO = INCLUDE_SOURCE;
				MTL_FAST_MATH = YES;
				ONLY_ACTIVE_ARCH = YES;
				SDKROOT = iphoneos;
				SWIFT_ACTIVE_COMPILATION_CONDITIONS = DEBUG;
				SWIFT_OPTIMIZATION_LEVEL = "-Onone";
			};
			name = Debug;
		};
		EF90DCE022835FA30024EE36 /* Release */ = {
			isa = XCBuildConfiguration;
			buildSettings = {
				ALWAYS_SEARCH_USER_PATHS = NO;
				CLANG_ANALYZER_NONNULL = YES;
				CLANG_ANALYZER_NUMBER_OBJECT_CONVERSION = YES_AGGRESSIVE;
				CLANG_CXX_LANGUAGE_STANDARD = "gnu++14";
				CLANG_CXX_LIBRARY = "libc++";
				CLANG_ENABLE_MODULES = YES;
				CLANG_ENABLE_OBJC_ARC = YES;
				CLANG_ENABLE_OBJC_WEAK = YES;
				CLANG_WARN_BLOCK_CAPTURE_AUTORELEASING = YES;
				CLANG_WARN_BOOL_CONVERSION = YES;
				CLANG_WARN_COMMA = YES;
				CLANG_WARN_CONSTANT_CONVERSION = YES;
				CLANG_WARN_DEPRECATED_OBJC_IMPLEMENTATIONS = YES;
				CLANG_WARN_DIRECT_OBJC_ISA_USAGE = YES_ERROR;
				CLANG_WARN_DOCUMENTATION_COMMENTS = YES;
				CLANG_WARN_EMPTY_BODY = YES;
				CLANG_WARN_ENUM_CONVERSION = YES;
				CLANG_WARN_INFINITE_RECURSION = YES;
				CLANG_WARN_INT_CONVERSION = YES;
				CLANG_WARN_NON_LITERAL_NULL_CONVERSION = YES;
				CLANG_WARN_OBJC_IMPLICIT_RETAIN_SELF = YES;
				CLANG_WARN_OBJC_LITERAL_CONVERSION = YES;
				CLANG_WARN_OBJC_ROOT_CLASS = YES_ERROR;
				CLANG_WARN_RANGE_LOOP_ANALYSIS = YES;
				CLANG_WARN_STRICT_PROTOTYPES = YES;
				CLANG_WARN_SUSPICIOUS_MOVE = YES;
				CLANG_WARN_UNGUARDED_AVAILABILITY = YES_AGGRESSIVE;
				CLANG_WARN_UNREACHABLE_CODE = YES;
				CLANG_WARN__DUPLICATE_METHOD_MATCH = YES;
				CODE_SIGN_IDENTITY = "iPhone Developer";
				COPY_PHASE_STRIP = NO;
				DEBUG_INFORMATION_FORMAT = "dwarf-with-dsym";
				ENABLE_NS_ASSERTIONS = NO;
				ENABLE_STRICT_OBJC_MSGSEND = YES;
				GCC_C_LANGUAGE_STANDARD = gnu11;
				GCC_NO_COMMON_BLOCKS = YES;
				GCC_WARN_64_TO_32_BIT_CONVERSION = YES;
				GCC_WARN_ABOUT_RETURN_TYPE = YES_ERROR;
				GCC_WARN_UNDECLARED_SELECTOR = YES;
				GCC_WARN_UNINITIALIZED_AUTOS = YES_AGGRESSIVE;
				GCC_WARN_UNUSED_FUNCTION = YES;
				GCC_WARN_UNUSED_VARIABLE = YES;
				IPHONEOS_DEPLOYMENT_TARGET = 12.2;
				MTL_ENABLE_DEBUG_INFO = NO;
				MTL_FAST_MATH = YES;
				SDKROOT = iphoneos;
				SWIFT_COMPILATION_MODE = wholemodule;
				SWIFT_OPTIMIZATION_LEVEL = "-O";
				VALIDATE_PRODUCT = YES;
			};
			name = Release;
		};
		EF90DCE222835FA30024EE36 /* Debug */ = {
			isa = XCBuildConfiguration;
			buildSettings = {
				ASSETCATALOG_COMPILER_APPICON_NAME = AppIcon;
				CODE_SIGN_STYLE = Automatic;
				DEVELOPMENT_TEAM = 7V775U4648;
				INFOPLIST_FILE = Crypyex/Info.plist;
				LD_RUNPATH_SEARCH_PATHS = (
					"$(inherited)",
					"@executable_path/Frameworks",
				);
				PRODUCT_BUNDLE_IDENTIFIER = com.haydenhastings.Crypyex;
				PRODUCT_NAME = "$(TARGET_NAME)";
				SWIFT_VERSION = 5.0;
				TARGETED_DEVICE_FAMILY = "1,2";
			};
			name = Debug;
		};
		EF90DCE322835FA30024EE36 /* Release */ = {
			isa = XCBuildConfiguration;
			buildSettings = {
				ASSETCATALOG_COMPILER_APPICON_NAME = AppIcon;
				CODE_SIGN_STYLE = Automatic;
				DEVELOPMENT_TEAM = 7V775U4648;
				INFOPLIST_FILE = Crypyex/Info.plist;
				LD_RUNPATH_SEARCH_PATHS = (
					"$(inherited)",
					"@executable_path/Frameworks",
				);
				PRODUCT_BUNDLE_IDENTIFIER = com.haydenhastings.Crypyex;
				PRODUCT_NAME = "$(TARGET_NAME)";
				SWIFT_VERSION = 5.0;
				TARGETED_DEVICE_FAMILY = "1,2";
			};
			name = Release;
		};
/* End XCBuildConfiguration section */

/* Begin XCConfigurationList section */
		EF90DCCA22835FA20024EE36 /* Build configuration list for PBXProject "Crypyex" */ = {
			isa = XCConfigurationList;
			buildConfigurations = (
				EF90DCDF22835FA30024EE36 /* Debug */,
				EF90DCE022835FA30024EE36 /* Release */,
			);
			defaultConfigurationIsVisible = 0;
			defaultConfigurationName = Release;
		};
		EF90DCE122835FA30024EE36 /* Build configuration list for PBXNativeTarget "Crypyex" */ = {
			isa = XCConfigurationList;
			buildConfigurations = (
				EF90DCE222835FA30024EE36 /* Debug */,
				EF90DCE322835FA30024EE36 /* Release */,
			);
			defaultConfigurationIsVisible = 0;
			defaultConfigurationName = Release;
		};
/* End XCConfigurationList section */
	};
	rootObject = EF90DCC722835FA20024EE36 /* Project object */;
}
