// !$*UTF8*$!
{
	archiveVersion = 1;
	classes = {
	};
	objectVersion = 50;
	objects = {

/* Begin PBXBuildFile section */
		ECF4D98E227A290800AA79FE /* AppDelegate.swift in Sources */ = {isa = PBXBuildFile; fileRef = ECF4D98D227A290800AA79FE /* AppDelegate.swift */; };
		ECF4D990227A290800AA79FE /* CryptexViewController.swift in Sources */ = {isa = PBXBuildFile; fileRef = ECF4D98F227A290800AA79FE /* CryptexViewController.swift */; };
		ECF4D993227A290800AA79FE /* Main.storyboard in Resources */ = {isa = PBXBuildFile; fileRef = ECF4D991227A290800AA79FE /* Main.storyboard */; };
		ECF4D995227A290900AA79FE /* Assets.xcassets in Resources */ = {isa = PBXBuildFile; fileRef = ECF4D994227A290900AA79FE /* Assets.xcassets */; };
		ECF4D998227A290900AA79FE /* LaunchScreen.storyboard in Resources */ = {isa = PBXBuildFile; fileRef = ECF4D996227A290900AA79FE /* LaunchScreen.storyboard */; };
		ECF4D9A0227A2C0C00AA79FE /* Cryptex.swift in Sources */ = {isa = PBXBuildFile; fileRef = ECF4D99F227A2C0C00AA79FE /* Cryptex.swift */; };
		ECF4D9A2227A2C8700AA79FE /* CryptexController.swift in Sources */ = {isa = PBXBuildFile; fileRef = ECF4D9A1227A2C8700AA79FE /* CryptexController.swift */; };
/* End PBXBuildFile section */

/* Begin PBXFileReference section */
		ECF4D98A227A290800AA79FE /* Cryptex.app */ = {isa = PBXFileReference; explicitFileType = wrapper.application; includeInIndex = 0; path = Cryptex.app; sourceTree = BUILT_PRODUCTS_DIR; };
		ECF4D98D227A290800AA79FE /* AppDelegate.swift */ = {isa = PBXFileReference; lastKnownFileType = sourcecode.swift; path = AppDelegate.swift; sourceTree = "<group>"; };
		ECF4D98F227A290800AA79FE /* CryptexViewController.swift */ = {isa = PBXFileReference; lastKnownFileType = sourcecode.swift; path = CryptexViewController.swift; sourceTree = "<group>"; };
		ECF4D992227A290800AA79FE /* Base */ = {isa = PBXFileReference; lastKnownFileType = file.storyboard; name = Base; path = Base.lproj/Main.storyboard; sourceTree = "<group>"; };
		ECF4D994227A290900AA79FE /* Assets.xcassets */ = {isa = PBXFileReference; lastKnownFileType = folder.assetcatalog; path = Assets.xcassets; sourceTree = "<group>"; };
		ECF4D997227A290900AA79FE /* Base */ = {isa = PBXFileReference; lastKnownFileType = file.storyboard; name = Base; path = Base.lproj/LaunchScreen.storyboard; sourceTree = "<group>"; };
		ECF4D999227A290900AA79FE /* Info.plist */ = {isa = PBXFileReference; lastKnownFileType = text.plist.xml; path = Info.plist; sourceTree = "<group>"; };
		ECF4D99F227A2C0C00AA79FE /* Cryptex.swift */ = {isa = PBXFileReference; lastKnownFileType = sourcecode.swift; path = Cryptex.swift; sourceTree = "<group>"; };
		ECF4D9A1227A2C8700AA79FE /* CryptexController.swift */ = {isa = PBXFileReference; lastKnownFileType = sourcecode.swift; path = CryptexController.swift; sourceTree = "<group>"; };
/* End PBXFileReference section */

/* Begin PBXFrameworksBuildPhase section */
		ECF4D987227A290800AA79FE /* Frameworks */ = {
			isa = PBXFrameworksBuildPhase;
			buildActionMask = 2147483647;
			files = (
			);
			runOnlyForDeploymentPostprocessing = 0;
		};
/* End PBXFrameworksBuildPhase section */

/* Begin PBXGroup section */
		ECF4D981227A290800AA79FE = {
			isa = PBXGroup;
			children = (
				ECF4D98C227A290800AA79FE /* Cryptex */,
				ECF4D98B227A290800AA79FE /* Products */,
			);
			sourceTree = "<group>";
		};
		ECF4D98B227A290800AA79FE /* Products */ = {
			isa = PBXGroup;
			children = (
				ECF4D98A227A290800AA79FE /* Cryptex.app */,
			);
			name = Products;
			sourceTree = "<group>";
		};
		ECF4D98C227A290800AA79FE /* Cryptex */ = {
			isa = PBXGroup;
			children = (
				ECF4D98D227A290800AA79FE /* AppDelegate.swift */,
				ECF4D99F227A2C0C00AA79FE /* Cryptex.swift */,
				ECF4D9A1227A2C8700AA79FE /* CryptexController.swift */,
				ECF4D98F227A290800AA79FE /* CryptexViewController.swift */,
				ECF4D991227A290800AA79FE /* Main.storyboard */,
				ECF4D994227A290900AA79FE /* Assets.xcassets */,
				ECF4D996227A290900AA79FE /* LaunchScreen.storyboard */,
				ECF4D999227A290900AA79FE /* Info.plist */,
			);
			path = Cryptex;
			sourceTree = "<group>";
		};
/* End PBXGroup section */

/* Begin PBXNativeTarget section */
		ECF4D989227A290800AA79FE /* Cryptex */ = {
			isa = PBXNativeTarget;
			buildConfigurationList = ECF4D99C227A290900AA79FE /* Build configuration list for PBXNativeTarget "Cryptex" */;
			buildPhases = (
				ECF4D986227A290800AA79FE /* Sources */,
				ECF4D987227A290800AA79FE /* Frameworks */,
				ECF4D988227A290800AA79FE /* Resources */,
			);
			buildRules = (
			);
			dependencies = (
			);
			name = Cryptex;
			productName = Cryptex;
			productReference = ECF4D98A227A290800AA79FE /* Cryptex.app */;
			productType = "com.apple.product-type.application";
		};
/* End PBXNativeTarget section */

/* Begin PBXProject section */
		ECF4D982227A290800AA79FE /* Project object */ = {
			isa = PBXProject;
			attributes = {
				LastSwiftUpdateCheck = 1020;
				LastUpgradeCheck = 1020;
				ORGANIZATIONNAME = "Christopher Aronson";
				TargetAttributes = {
					ECF4D989227A290800AA79FE = {
						CreatedOnToolsVersion = 10.2.1;
					};
				};
			};
			buildConfigurationList = ECF4D985227A290800AA79FE /* Build configuration list for PBXProject "Cryptex" */;
			compatibilityVersion = "Xcode 9.3";
			developmentRegion = en;
			hasScannedForEncodings = 0;
			knownRegions = (
				en,
				Base,
			);
			mainGroup = ECF4D981227A290800AA79FE;
			productRefGroup = ECF4D98B227A290800AA79FE /* Products */;
			projectDirPath = "";
			projectRoot = "";
			targets = (
				ECF4D989227A290800AA79FE /* Cryptex */,
			);
		};
/* End PBXProject section */

/* Begin PBXResourcesBuildPhase section */
		ECF4D988227A290800AA79FE /* Resources */ = {
			isa = PBXResourcesBuildPhase;
			buildActionMask = 2147483647;
			files = (
				ECF4D998227A290900AA79FE /* LaunchScreen.storyboard in Resources */,
				ECF4D995227A290900AA79FE /* Assets.xcassets in Resources */,
				ECF4D993227A290800AA79FE /* Main.storyboard in Resources */,
			);
			runOnlyForDeploymentPostprocessing = 0;
		};
/* End PBXResourcesBuildPhase section */

/* Begin PBXSourcesBuildPhase section */
		ECF4D986227A290800AA79FE /* Sources */ = {
			isa = PBXSourcesBuildPhase;
			buildActionMask = 2147483647;
			files = (
				ECF4D990227A290800AA79FE /* CryptexViewController.swift in Sources */,
				ECF4D9A2227A2C8700AA79FE /* CryptexController.swift in Sources */,
				ECF4D9A0227A2C0C00AA79FE /* Cryptex.swift in Sources */,
				ECF4D98E227A290800AA79FE /* AppDelegate.swift in Sources */,
			);
			runOnlyForDeploymentPostprocessing = 0;
		};
/* End PBXSourcesBuildPhase section */

/* Begin PBXVariantGroup section */
		ECF4D991227A290800AA79FE /* Main.storyboard */ = {
			isa = PBXVariantGroup;
			children = (
				ECF4D992227A290800AA79FE /* Base */,
			);
			name = Main.storyboard;
			sourceTree = "<group>";
		};
		ECF4D996227A290900AA79FE /* LaunchScreen.storyboard */ = {
			isa = PBXVariantGroup;
			children = (
				ECF4D997227A290900AA79FE /* Base */,
			);
			name = LaunchScreen.storyboard;
			sourceTree = "<group>";
		};
/* End PBXVariantGroup section */

/* Begin XCBuildConfiguration section */
		ECF4D99A227A290900AA79FE /* Debug */ = {
			isa = XCBuildConfiguration;
			buildSettings = {
				ALWAYS_SEARCH_USER_PATHS = NO;
				CLANG_ANALYZER_NONNULL = YES;
				CLANG_ANALYZER_NUMBER_OBJECT_CONVERSION = YES_AGGRESSIVE;
				CLANG_CXX_LANGUAGE_STANDARD = "gnu++14";
				CLANG_CXX_LIBRARY = "libc++";
				CLANG_ENABLE_MODULES = YES;
				CLANG_ENABLE_OBJC_ARC = YES;
				CLANG_ENABLE_OBJC_WEAK = YES;
				CLANG_WARN_BLOCK_CAPTURE_AUTORELEASING = YES;
				CLANG_WARN_BOOL_CONVERSION = YES;
				CLANG_WARN_COMMA = YES;
				CLANG_WARN_CONSTANT_CONVERSION = YES;
				CLANG_WARN_DEPRECATED_OBJC_IMPLEMENTATIONS = YES;
				CLANG_WARN_DIRECT_OBJC_ISA_USAGE = YES_ERROR;
				CLANG_WARN_DOCUMENTATION_COMMENTS = YES;
				CLANG_WARN_EMPTY_BODY = YES;
				CLANG_WARN_ENUM_CONVERSION = YES;
				CLANG_WARN_INFINITE_RECURSION = YES;
				CLANG_WARN_INT_CONVERSION = YES;
				CLANG_WARN_NON_LITERAL_NULL_CONVERSION = YES;
				CLANG_WARN_OBJC_IMPLICIT_RETAIN_SELF = YES;
				CLANG_WARN_OBJC_LITERAL_CONVERSION = YES;
				CLANG_WARN_OBJC_ROOT_CLASS = YES_ERROR;
				CLANG_WARN_RANGE_LOOP_ANALYSIS = YES;
				CLANG_WARN_STRICT_PROTOTYPES = YES;
				CLANG_WARN_SUSPICIOUS_MOVE = YES;
				CLANG_WARN_UNGUARDED_AVAILABILITY = YES_AGGRESSIVE;
				CLANG_WARN_UNREACHABLE_CODE = YES;
				CLANG_WARN__DUPLICATE_METHOD_MATCH = YES;
				CODE_SIGN_IDENTITY = "iPhone Developer";
				COPY_PHASE_STRIP = NO;
				DEBUG_INFORMATION_FORMAT = dwarf;
				ENABLE_STRICT_OBJC_MSGSEND = YES;
				ENABLE_TESTABILITY = YES;
				GCC_C_LANGUAGE_STANDARD = gnu11;
				GCC_DYNAMIC_NO_PIC = NO;
				GCC_NO_COMMON_BLOCKS = YES;
				GCC_OPTIMIZATION_LEVEL = 0;
				GCC_PREPROCESSOR_DEFINITIONS = (
					"DEBUG=1",
					"$(inherited)",
				);
				GCC_WARN_64_TO_32_BIT_CONVERSION = YES;
				GCC_WARN_ABOUT_RETURN_TYPE = YES_ERROR;
				GCC_WARN_UNDECLARED_SELECTOR = YES;
				GCC_WARN_UNINITIALIZED_AUTOS = YES_AGGRESSIVE;
				GCC_WARN_UNUSED_FUNCTION = YES;
				GCC_WARN_UNUSED_VARIABLE = YES;
				IPHONEOS_DEPLOYMENT_TARGET = 12.2;
				MTL_ENABLE_DEBUG_INFO = INCLUDE_SOURCE;
				MTL_FAST_MATH = YES;
				ONLY_ACTIVE_ARCH = YES;
				SDKROOT = iphoneos;
				SWIFT_ACTIVE_COMPILATION_CONDITIONS = DEBUG;
				SWIFT_OPTIMIZATION_LEVEL = "-Onone";
			};
			name = Debug;
		};
		ECF4D99B227A290900AA79FE /* Release */ = {
			isa = XCBuildConfiguration;
			buildSettings = {
				ALWAYS_SEARCH_USER_PATHS = NO;
				CLANG_ANALYZER_NONNULL = YES;
				CLANG_ANALYZER_NUMBER_OBJECT_CONVERSION = YES_AGGRESSIVE;
				CLANG_CXX_LANGUAGE_STANDARD = "gnu++14";
				CLANG_CXX_LIBRARY = "libc++";
				CLANG_ENABLE_MODULES = YES;
				CLANG_ENABLE_OBJC_ARC = YES;
				CLANG_ENABLE_OBJC_WEAK = YES;
				CLANG_WARN_BLOCK_CAPTURE_AUTORELEASING = YES;
				CLANG_WARN_BOOL_CONVERSION = YES;
				CLANG_WARN_COMMA = YES;
				CLANG_WARN_CONSTANT_CONVERSION = YES;
				CLANG_WARN_DEPRECATED_OBJC_IMPLEMENTATIONS = YES;
				CLANG_WARN_DIRECT_OBJC_ISA_USAGE = YES_ERROR;
				CLANG_WARN_DOCUMENTATION_COMMENTS = YES;
				CLANG_WARN_EMPTY_BODY = YES;
				CLANG_WARN_ENUM_CONVERSION = YES;
				CLANG_WARN_INFINITE_RECURSION = YES;
				CLANG_WARN_INT_CONVERSION = YES;
				CLANG_WARN_NON_LITERAL_NULL_CONVERSION = YES;
				CLANG_WARN_OBJC_IMPLICIT_RETAIN_SELF = YES;
				CLANG_WARN_OBJC_LITERAL_CONVERSION = YES;
				CLANG_WARN_OBJC_ROOT_CLASS = YES_ERROR;
				CLANG_WARN_RANGE_LOOP_ANALYSIS = YES;
				CLANG_WARN_STRICT_PROTOTYPES = YES;
				CLANG_WARN_SUSPICIOUS_MOVE = YES;
				CLANG_WARN_UNGUARDED_AVAILABILITY = YES_AGGRESSIVE;
				CLANG_WARN_UNREACHABLE_CODE = YES;
				CLANG_WARN__DUPLICATE_METHOD_MATCH = YES;
				CODE_SIGN_IDENTITY = "iPhone Developer";
				COPY_PHASE_STRIP = NO;
				DEBUG_INFORMATION_FORMAT = "dwarf-with-dsym";
				ENABLE_NS_ASSERTIONS = NO;
				ENABLE_STRICT_OBJC_MSGSEND = YES;
				GCC_C_LANGUAGE_STANDARD = gnu11;
				GCC_NO_COMMON_BLOCKS = YES;
				GCC_WARN_64_TO_32_BIT_CONVERSION = YES;
				GCC_WARN_ABOUT_RETURN_TYPE = YES_ERROR;
				GCC_WARN_UNDECLARED_SELECTOR = YES;
				GCC_WARN_UNINITIALIZED_AUTOS = YES_AGGRESSIVE;
				GCC_WARN_UNUSED_FUNCTION = YES;
				GCC_WARN_UNUSED_VARIABLE = YES;
				IPHONEOS_DEPLOYMENT_TARGET = 12.2;
				MTL_ENABLE_DEBUG_INFO = NO;
				MTL_FAST_MATH = YES;
				SDKROOT = iphoneos;
				SWIFT_COMPILATION_MODE = wholemodule;
				SWIFT_OPTIMIZATION_LEVEL = "-O";
				VALIDATE_PRODUCT = YES;
			};
			name = Release;
		};
		ECF4D99D227A290900AA79FE /* Debug */ = {
			isa = XCBuildConfiguration;
			buildSettings = {
				ASSETCATALOG_COMPILER_APPICON_NAME = AppIcon;
				CODE_SIGN_STYLE = Automatic;
				DEVELOPMENT_TEAM = 66AJPZAPLQ;
				INFOPLIST_FILE = Cryptex/Info.plist;
				LD_RUNPATH_SEARCH_PATHS = (
					"$(inherited)",
					"@executable_path/Frameworks",
				);
				PRODUCT_BUNDLE_IDENTIFIER = io.christopheraronson.Cryptex;
				PRODUCT_NAME = "$(TARGET_NAME)";
				SWIFT_VERSION = 5.0;
				TARGETED_DEVICE_FAMILY = "1,2";
			};
			name = Debug;
		};
		ECF4D99E227A290900AA79FE /* Release */ = {
			isa = XCBuildConfiguration;
			buildSettings = {
				ASSETCATALOG_COMPILER_APPICON_NAME = AppIcon;
				CODE_SIGN_STYLE = Automatic;
				DEVELOPMENT_TEAM = 66AJPZAPLQ;
				INFOPLIST_FILE = Cryptex/Info.plist;
				LD_RUNPATH_SEARCH_PATHS = (
					"$(inherited)",
					"@executable_path/Frameworks",
				);
				PRODUCT_BUNDLE_IDENTIFIER = io.christopheraronson.Cryptex;
				PRODUCT_NAME = "$(TARGET_NAME)";
				SWIFT_VERSION = 5.0;
				TARGETED_DEVICE_FAMILY = "1,2";
			};
			name = Release;
		};
/* End XCBuildConfiguration section */

/* Begin XCConfigurationList section */
		ECF4D985227A290800AA79FE /* Build configuration list for PBXProject "Cryptex" */ = {
			isa = XCConfigurationList;
			buildConfigurations = (
				ECF4D99A227A290900AA79FE /* Debug */,
				ECF4D99B227A290900AA79FE /* Release */,
			);
			defaultConfigurationIsVisible = 0;
			defaultConfigurationName = Release;
		};
		ECF4D99C227A290900AA79FE /* Build configuration list for PBXNativeTarget "Cryptex" */ = {
			isa = XCConfigurationList;
			buildConfigurations = (
				ECF4D99D227A290900AA79FE /* Debug */,
				ECF4D99E227A290900AA79FE /* Release */,
			);
			defaultConfigurationIsVisible = 0;
			defaultConfigurationName = Release;
		};
/* End XCConfigurationList section */
	};
	rootObject = ECF4D982227A290800AA79FE /* Project object */;
}
